
Microsoft Visual Studio Solution File, Format Version 12.00
# Visual Studio 15
VisualStudioVersion = 15.0.27130.2036
MinimumVisualStudioVersion = 10.0.40219.1
Project("{9A19103F-16F7-4668-BE54-9A1E7A4F7556}") = "Ceresis", "Ceresis\Ceresis.csproj", "{D88BC6FD-810C-4456-AE0C-AD8BA766136A}"
EndProject
Project("{9A19103F-16F7-4668-BE54-9A1E7A4F7556}") = "Ceresis.Service.Core", "Ceresis.Service.Core\Ceresis.Service.Core.csproj", "{74C0BB10-BF79-4110-B3B3-8798973C0FD7}"
EndProject
Project("{9A19103F-16F7-4668-BE54-9A1E7A4F7556}") = "Ceresis.Data.Core", "Ceresis.Data.Core\Ceresis.Data.Core.csproj", "{5A188D46-3428-46D5-8FBF-7F0CADF07A2B}"
EndProject
Project("{9A19103F-16F7-4668-BE54-9A1E7A4F7556}") = "Ceresis.Test", "Ceresis.Test\Ceresis.Test.csproj", "{01A1A0A5-F568-491F-B86A-A6A6B4A54851}"
EndProject
Project("{FAE04EC0-301F-11D3-BF4B-00C04F79EFBC}") = "Ceresis.Repository", "Ceresis.Repository\Ceresis.Repository.csproj", "{B12DF53C-5D05-4AA2-B544-7E091DBAAF29}"
EndProject
Global
	GlobalSection(SolutionConfigurationPlatforms) = preSolution
		Debug|Any CPU = Debug|Any CPU
		Release|Any CPU = Release|Any CPU
	EndGlobalSection
	GlobalSection(ProjectConfigurationPlatforms) = postSolution
		{D88BC6FD-810C-4456-AE0C-AD8BA766136A}.Debug|Any CPU.ActiveCfg = Debug|Any CPU
		{D88BC6FD-810C-4456-AE0C-AD8BA766136A}.Debug|Any CPU.Build.0 = Debug|Any CPU
		{D88BC6FD-810C-4456-AE0C-AD8BA766136A}.Release|Any CPU.ActiveCfg = Release|Any CPU
		{D88BC6FD-810C-4456-AE0C-AD8BA766136A}.Release|Any CPU.Build.0 = Release|Any CPU
		{74C0BB10-BF79-4110-B3B3-8798973C0FD7}.Debug|Any CPU.ActiveCfg = Debug|Any CPU
		{74C0BB10-BF79-4110-B3B3-8798973C0FD7}.Debug|Any CPU.Build.0 = Debug|Any CPU
		{74C0BB10-BF79-4110-B3B3-8798973C0FD7}.Release|Any CPU.ActiveCfg = Release|Any CPU
		{74C0BB10-BF79-4110-B3B3-8798973C0FD7}.Release|Any CPU.Build.0 = Release|Any CPU
		{5A188D46-3428-46D5-8FBF-7F0CADF07A2B}.Debug|Any CPU.ActiveCfg = Debug|Any CPU
		{5A188D46-3428-46D5-8FBF-7F0CADF07A2B}.Debug|Any CPU.Build.0 = Debug|Any CPU
		{5A188D46-3428-46D5-8FBF-7F0CADF07A2B}.Release|Any CPU.ActiveCfg = Release|Any CPU
		{5A188D46-3428-46D5-8FBF-7F0CADF07A2B}.Release|Any CPU.Build.0 = Release|Any CPU
		{01A1A0A5-F568-491F-B86A-A6A6B4A54851}.Debug|Any CPU.ActiveCfg = Debug|Any CPU
		{01A1A0A5-F568-491F-B86A-A6A6B4A54851}.Debug|Any CPU.Build.0 = Debug|Any CPU
		{01A1A0A5-F568-491F-B86A-A6A6B4A54851}.Release|Any CPU.ActiveCfg = Release|Any CPU
		{01A1A0A5-F568-491F-B86A-A6A6B4A54851}.Release|Any CPU.Build.0 = Release|Any CPU
		{B12DF53C-5D05-4AA2-B544-7E091DBAAF29}.Debug|Any CPU.ActiveCfg = Debug|Any CPU
		{B12DF53C-5D05-4AA2-B544-7E091DBAAF29}.Debug|Any CPU.Build.0 = Debug|Any CPU
		{B12DF53C-5D05-4AA2-B544-7E091DBAAF29}.Release|Any CPU.ActiveCfg = Release|Any CPU
		{B12DF53C-5D05-4AA2-B544-7E091DBAAF29}.Release|Any CPU.Build.0 = Release|Any CPU
	EndGlobalSection
	GlobalSection(SolutionProperties) = preSolution
		HideSolutionNode = FALSE
	EndGlobalSection
	GlobalSection(ExtensibilityGlobals) = postSolution
		SolutionGuid = {3212D0B9-6238-4F10-8929-A3C80EDFA7C4}
	EndGlobalSection
EndGlobal
